
Microsoft Visual Studio Solution File, Format Version 12.00
# Visual Studio Version 16
VisualStudioVersion = 16.0.31205.134
MinimumVisualStudioVersion = 10.0.40219.1
Project("{9A19103F-16F7-4668-BE54-9A1E7A4F7556}") = "TT.Deliveries.Web.Api", "Web\TT.Deliveries.Web.Api\TT.Deliveries.Web.Api.csproj", "{426ED900-26FE-4295-9BED-47390DC6C00F}"
EndProject
Project("{2150E333-8FDC-42A3-9474-1A3956D46DE8}") = "BLL", "BLL", "{F118B8C2-8880-4507-9DEF-ECDAF603A04E}"
EndProject
Project("{9A19103F-16F7-4668-BE54-9A1E7A4F7556}") = "TT.Deliveries.Domain.Dto", "BLL\TT.Deliveries.Domain.Dto\TT.Deliveries.Domain.Dto.csproj", "{4A868E5F-7ADD-4097-8A28-04FFDEACD970}"
EndProject
Project("{2150E333-8FDC-42A3-9474-1A3956D46DE8}") = "Web", "Web", "{593F6988-F0D9-4162-89FC-F3B6EE6F6E76}"
EndProject
Project("{2150E333-8FDC-42A3-9474-1A3956D46DE8}") = "Tests", "Tests", "{59A6F67B-3587-4E9B-82A8-D72303F2A3D9}"
EndProject
Project("{FAE04EC0-301F-11D3-BF4B-00C04F79EFBC}") = "TT.Deliveries.Tests", "Tests\TT.Deliveries.Tests\TT.Deliveries.Tests.csproj", "{48F2818F-316B-4D10-9FE4-9C524411CA67}"
EndProject
Project("{FAE04EC0-301F-11D3-BF4B-00C04F79EFBC}") = "TT.Deliveries.Domain", "BLL\TT.Deliveries.Domain\TT.Deliveries.Domain.csproj", "{3851B380-4131-43CE-A444-E54EC32C384E}"
EndProject
Project("{2150E333-8FDC-42A3-9474-1A3956D46DE8}") = "DAL", "DAL", "{57484A0A-FFC4-4D4E-98A0-9E1D33FCE2AB}"
EndProject
Project("{FAE04EC0-301F-11D3-BF4B-00C04F79EFBC}") = "TT.Deliveries.DataAccess.EF", "DAL\TT.Deliveries.DataAccess.EF\TT.Deliveries.DataAccess.EF.csproj", "{7EFA1C8C-DA16-40F0-A3A3-4D69290527AF}"
EndProject
Project("{FAE04EC0-301F-11D3-BF4B-00C04F79EFBC}") = "TT.Deliveries.Common", "BLL\TT.Deliveries.Common\TT.Deliveries.Common.csproj", "{5C007031-BA61-4895-A58E-24A0EDC3917F}"
EndProject
Project("{FAE04EC0-301F-11D3-BF4B-00C04F79EFBC}") = "TT.Deliveries.DataAccess.EF.Common", "DAL\TT.Deliveries.DataAccess.EF.Common\TT.Deliveries.DataAccess.EF.Common.csproj", "{CC65D0D6-D0EB-4B68-A286-6E45E81FD0D1}"
EndProject
Global
	GlobalSection(SolutionConfigurationPlatforms) = preSolution
		Debug|Any CPU = Debug|Any CPU
		Release|Any CPU = Release|Any CPU
	EndGlobalSection
	GlobalSection(ProjectConfigurationPlatforms) = postSolution
		{426ED900-26FE-4295-9BED-47390DC6C00F}.Debug|Any CPU.ActiveCfg = Debug|Any CPU
		{426ED900-26FE-4295-9BED-47390DC6C00F}.Debug|Any CPU.Build.0 = Debug|Any CPU
		{426ED900-26FE-4295-9BED-47390DC6C00F}.Release|Any CPU.ActiveCfg = Release|Any CPU
		{426ED900-26FE-4295-9BED-47390DC6C00F}.Release|Any CPU.Build.0 = Release|Any CPU
		{4A868E5F-7ADD-4097-8A28-04FFDEACD970}.Debug|Any CPU.ActiveCfg = Debug|Any CPU
		{4A868E5F-7ADD-4097-8A28-04FFDEACD970}.Debug|Any CPU.Build.0 = Debug|Any CPU
		{4A868E5F-7ADD-4097-8A28-04FFDEACD970}.Release|Any CPU.ActiveCfg = Release|Any CPU
		{4A868E5F-7ADD-4097-8A28-04FFDEACD970}.Release|Any CPU.Build.0 = Release|Any CPU
		{48F2818F-316B-4D10-9FE4-9C524411CA67}.Debug|Any CPU.ActiveCfg = Debug|Any CPU
		{48F2818F-316B-4D10-9FE4-9C524411CA67}.Debug|Any CPU.Build.0 = Debug|Any CPU
		{48F2818F-316B-4D10-9FE4-9C524411CA67}.Release|Any CPU.ActiveCfg = Release|Any CPU
		{48F2818F-316B-4D10-9FE4-9C524411CA67}.Release|Any CPU.Build.0 = Release|Any CPU
		{3851B380-4131-43CE-A444-E54EC32C384E}.Debug|Any CPU.ActiveCfg = Debug|Any CPU
		{3851B380-4131-43CE-A444-E54EC32C384E}.Debug|Any CPU.Build.0 = Debug|Any CPU
		{3851B380-4131-43CE-A444-E54EC32C384E}.Release|Any CPU.ActiveCfg = Release|Any CPU
		{3851B380-4131-43CE-A444-E54EC32C384E}.Release|Any CPU.Build.0 = Release|Any CPU
		{7EFA1C8C-DA16-40F0-A3A3-4D69290527AF}.Debug|Any CPU.ActiveCfg = Debug|Any CPU
		{7EFA1C8C-DA16-40F0-A3A3-4D69290527AF}.Debug|Any CPU.Build.0 = Debug|Any CPU
		{7EFA1C8C-DA16-40F0-A3A3-4D69290527AF}.Release|Any CPU.ActiveCfg = Release|Any CPU
		{7EFA1C8C-DA16-40F0-A3A3-4D69290527AF}.Release|Any CPU.Build.0 = Release|Any CPU
		{5C007031-BA61-4895-A58E-24A0EDC3917F}.Debug|Any CPU.ActiveCfg = Debug|Any CPU
		{5C007031-BA61-4895-A58E-24A0EDC3917F}.Debug|Any CPU.Build.0 = Debug|Any CPU
		{5C007031-BA61-4895-A58E-24A0EDC3917F}.Release|Any CPU.ActiveCfg = Release|Any CPU
		{5C007031-BA61-4895-A58E-24A0EDC3917F}.Release|Any CPU.Build.0 = Release|Any CPU
		{CC65D0D6-D0EB-4B68-A286-6E45E81FD0D1}.Debug|Any CPU.ActiveCfg = Debug|Any CPU
		{CC65D0D6-D0EB-4B68-A286-6E45E81FD0D1}.Debug|Any CPU.Build.0 = Debug|Any CPU
		{CC65D0D6-D0EB-4B68-A286-6E45E81FD0D1}.Release|Any CPU.ActiveCfg = Release|Any CPU
		{CC65D0D6-D0EB-4B68-A286-6E45E81FD0D1}.Release|Any CPU.Build.0 = Release|Any CPU
	EndGlobalSection
	GlobalSection(SolutionProperties) = preSolution
		HideSolutionNode = FALSE
	EndGlobalSection
	GlobalSection(NestedProjects) = preSolution
		{426ED900-26FE-4295-9BED-47390DC6C00F} = {593F6988-F0D9-4162-89FC-F3B6EE6F6E76}
		{4A868E5F-7ADD-4097-8A28-04FFDEACD970} = {F118B8C2-8880-4507-9DEF-ECDAF603A04E}
		{48F2818F-316B-4D10-9FE4-9C524411CA67} = {59A6F67B-3587-4E9B-82A8-D72303F2A3D9}
		{3851B380-4131-43CE-A444-E54EC32C384E} = {F118B8C2-8880-4507-9DEF-ECDAF603A04E}
		{7EFA1C8C-DA16-40F0-A3A3-4D69290527AF} = {57484A0A-FFC4-4D4E-98A0-9E1D33FCE2AB}
		{5C007031-BA61-4895-A58E-24A0EDC3917F} = {F118B8C2-8880-4507-9DEF-ECDAF603A04E}
		{CC65D0D6-D0EB-4B68-A286-6E45E81FD0D1} = {57484A0A-FFC4-4D4E-98A0-9E1D33FCE2AB}
	EndGlobalSection
	GlobalSection(ExtensibilityGlobals) = postSolution
		SolutionGuid = {0650C9DE-7994-49FA-A1DE-A8AB16A08D70}
	EndGlobalSection
EndGlobal
